Microsoft Visual Studio Solution File, Format Version 12.00
# Visual Studio Version 17
VisualStudioVersion = 17.5.2.0
MinimumVisualStudioVersion = 10.0.40219.1
Project("{FAE04EC0-301F-11D3-BF4B-00C04F79EFBC}") = "FamilyShoppingList", "FamilyShoppingList.csproj", "{759BAD03-7A54-0FE1-6B6B-7FD6F4EE77BC}"
EndProject
Global
	GlobalSection(SolutionConfigurationPlatforms) = preSolution
		Debug|Any CPU = Debug|Any CPU
		Release|Any CPU = Release|Any CPU
	EndGlobalSection
	GlobalSection(ProjectConfigurationPlatforms) = postSolution
		{759BAD03-7A54-0FE1-6B6B-7FD6F4EE77BC}.Debug|Any CPU.ActiveCfg = Debug|Any CPU
		{759BAD03-7A54-0FE1-6B6B-7FD6F4EE77BC}.Debug|Any CPU.Build.0 = Debug|Any CPU
		{759BAD03-7A54-0FE1-6B6B-7FD6F4EE77BC}.Release|Any CPU.ActiveCfg = Release|Any CPU
		{759BAD03-7A54-0FE1-6B6B-7FD6F4EE77BC}.Release|Any CPU.Build.0 = Release|Any CPU
	EndGlobalSection
	GlobalSection(SolutionProperties) = preSolution
		HideSolutionNode = FALSE
	EndGlobalSection
	GlobalSection(ExtensibilityGlobals) = postSolution
		SolutionGuid = {2388B611-428C-4F0A-819A-3978C1141C48}
	EndGlobalSection
EndGlobal
